
Microsoft Visual Studio Solution File, Format Version 12.00
# Visual Studio Version 16
VisualStudioVersion = 16.0.30611.23
MinimumVisualStudioVersion = 10.0.40219.1
Project("{FAE04EC0-301F-11D3-BF4B-00C04F79EFBC}") = "WpfApplicationChart", "WpfApplicationChart.csproj", "{290F39FF-F0BC-41AC-AAD0-1ECF0D1DD63A}"
EndProject
Global
	GlobalSection(SolutionConfigurationPlatforms) = preSolution
		Debug|Any CPU = Debug|Any CPU
		Release|Any CPU = Release|Any CPU
	EndGlobalSection
	GlobalSection(ProjectConfigurationPlatforms) = postSolution
		{290F39FF-F0BC-41AC-AAD0-1ECF0D1DD63A}.Debug|Any CPU.ActiveCfg = Debug|Any CPU
		{290F39FF-F0BC-41AC-AAD0-1ECF0D1DD63A}.Debug|Any CPU.Build.0 = Debug|Any CPU
		{290F39FF-F0BC-41AC-AAD0-1ECF0D1DD63A}.Release|Any CPU.ActiveCfg = Release|Any CPU
		{290F39FF-F0BC-41AC-AAD0-1ECF0D1DD63A}.Release|Any CPU.Build.0 = Release|Any CPU
	EndGlobalSection
	GlobalSection(SolutionProperties) = preSolution
		HideSolutionNode = FALSE
	EndGlobalSection
	GlobalSection(ExtensibilityGlobals) = postSolution
		SolutionGuid = {D43A084A-B579-43CB-91DD-48A53297B67D}
	EndGlobalSection
EndGlobal
